// !$*UTF8*$!
{
	archiveVersion = 1;
	classes = {
	};
	objectVersion = 56;
	objects = {

/* Begin PBXBuildFile section */
		B84031EF2B75440100885C13 /* fitrApp.swift in Sources */ = {isa = PBXBuildFile; fileRef = B84031EE2B75440100885C13 /* fitrApp.swift */; };
		B84031F12B75440100885C13 /* WeightLogView.swift in Sources */ = {isa = PBXBuildFile; fileRef = B84031F02B75440100885C13 /* WeightLogView.swift */; };
		B84031F32B75440200885C13 /* Assets.xcassets in Resources */ = {isa = PBXBuildFile; fileRef = B84031F22B75440200885C13 /* Assets.xcassets */; };
		B84031F62B75440200885C13 /* Preview Assets.xcassets in Resources */ = {isa = PBXBuildFile; fileRef = B84031F52B75440200885C13 /* Preview Assets.xcassets */; };
		B84031FD2B75498800885C13 /* WeightTrackerView.swift in Sources */ = {isa = PBXBuildFile; fileRef = B84031FC2B75498800885C13 /* WeightTrackerView.swift */; };
		B84032052B76837A00885C13 /* WeightChartView.swift in Sources */ = {isa = PBXBuildFile; fileRef = B84032042B76837A00885C13 /* WeightChartView.swift */; };
		B84032072B76FFED00885C13 /* FitrTabView.swift in Sources */ = {isa = PBXBuildFile; fileRef = B84032062B76FFED00885C13 /* FitrTabView.swift */; };
		B84032092B7700F000885C13 /* TrainingView.swift in Sources */ = {isa = PBXBuildFile; fileRef = B84032082B7700F000885C13 /* TrainingView.swift */; };
		B840320B2B77010900885C13 /* ProgressView.swift in Sources */ = {isa = PBXBuildFile; fileRef = B840320A2B77010900885C13 /* ProgressView.swift */; };
		B840320D2B77011600885C13 /* ProfileView.swift in Sources */ = {isa = PBXBuildFile; fileRef = B840320C2B77011600885C13 /* ProfileView.swift */; };
		B84032102B77028B00885C13 /* Profile.swift in Sources */ = {isa = PBXBuildFile; fileRef = B840320F2B77028B00885C13 /* Profile.swift */; };
		B84032122B7702B500885C13 /* MockData.swift in Sources */ = {isa = PBXBuildFile; fileRef = B84032112B7702B500885C13 /* MockData.swift */; };
		B8CA416B2B770A7300ED8E6B /* WeightEntry.swift in Sources */ = {isa = PBXBuildFile; fileRef = B8CA416A2B770A7300ED8E6B /* WeightEntry.swift */; };
		B8CA416D2B77117F00ED8E6B /* LoginView.swift in Sources */ = {isa = PBXBuildFile; fileRef = B8CA416C2B77117F00ED8E6B /* LoginView.swift */; };
		B8CA416F2B77180100ED8E6B /* AccountCreationView.swift in Sources */ = {isa = PBXBuildFile; fileRef = B8CA416E2B77180100ED8E6B /* AccountCreationView.swift */; };
		B8CA41712B771F3A00ED8E6B /* SettingsView.swift in Sources */ = {isa = PBXBuildFile; fileRef = B8CA41702B771F3A00ED8E6B /* SettingsView.swift */; };
		B8CA41732B77513300ED8E6B /* LogWorkoutView.swift in Sources */ = {isa = PBXBuildFile; fileRef = B8CA41722B77513300ED8E6B /* LogWorkoutView.swift */; };
		B8CA41752B7C545A00ED8E6B /* UserAuthViewModel.swift in Sources */ = {isa = PBXBuildFile; fileRef = B8CA41742B7C545A00ED8E6B /* UserAuthViewModel.swift */; };
		B8CA41772B7C552C00ED8E6B /* UserProfileViewModel.swift in Sources */ = {isa = PBXBuildFile; fileRef = B8CA41762B7C552C00ED8E6B /* UserProfileViewModel.swift */; };
		B8CA41792B7C556100ED8E6B /* WeightTrackingViewModel.swift in Sources */ = {isa = PBXBuildFile; fileRef = B8CA41782B7C556100ED8E6B /* WeightTrackingViewModel.swift */; };
		B8CA417B2B7C55B700ED8E6B /* SettingsViewModel.swift in Sources */ = {isa = PBXBuildFile; fileRef = B8CA417A2B7C55B700ED8E6B /* SettingsViewModel.swift */; };
/* End PBXBuildFile section */

/* Begin PBXFileReference section */
		B84031EB2B75440100885C13 /* fitr.app */ = {isa = PBXFileReference; explicitFileType = wrapper.application; includeInIndex = 0; path = fitr.app; sourceTree = BUILT_PRODUCTS_DIR; };
		B84031EE2B75440100885C13 /* fitrApp.swift */ = {isa = PBXFileReference; lastKnownFileType = sourcecode.swift; path = fitrApp.swift; sourceTree = "<group>"; };
		B84031F02B75440100885C13 /* WeightLogView.swift */ = {isa = PBXFileReference; lastKnownFileType = sourcecode.swift; path = WeightLogView.swift; sourceTree = "<group>"; };
		B84031F22B75440200885C13 /* Assets.xcassets */ = {isa = PBXFileReference; lastKnownFileType = folder.assetcatalog; path = Assets.xcassets; sourceTree = "<group>"; };
		B84031F52B75440200885C13 /* Preview Assets.xcassets */ = {isa = PBXFileReference; lastKnownFileType = folder.assetcatalog; path = "Preview Assets.xcassets"; sourceTree = "<group>"; };
		B84031FC2B75498800885C13 /* WeightTrackerView.swift */ = {isa = PBXFileReference; lastKnownFileType = sourcecode.swift; path = WeightTrackerView.swift; sourceTree = "<group>"; };
		B84032042B76837A00885C13 /* WeightChartView.swift */ = {isa = PBXFileReference; lastKnownFileType = sourcecode.swift; path = WeightChartView.swift; sourceTree = "<group>"; };
		B84032062B76FFED00885C13 /* FitrTabView.swift */ = {isa = PBXFileReference; lastKnownFileType = sourcecode.swift; path = FitrTabView.swift; sourceTree = "<group>"; };
		B84032082B7700F000885C13 /* TrainingView.swift */ = {isa = PBXFileReference; lastKnownFileType = sourcecode.swift; path = TrainingView.swift; sourceTree = "<group>"; };
		B840320A2B77010900885C13 /* ProgressView.swift */ = {isa = PBXFileReference; lastKnownFileType = sourcecode.swift; path = ProgressView.swift; sourceTree = "<group>"; };
		B840320C2B77011600885C13 /* ProfileView.swift */ = {isa = PBXFileReference; lastKnownFileType = sourcecode.swift; path = ProfileView.swift; sourceTree = "<group>"; };
		B840320F2B77028B00885C13 /* Profile.swift */ = {isa = PBXFileReference; lastKnownFileType = sourcecode.swift; path = Profile.swift; sourceTree = "<group>"; };
		B84032112B7702B500885C13 /* MockData.swift */ = {isa = PBXFileReference; lastKnownFileType = sourcecode.swift; path = MockData.swift; sourceTree = "<group>"; };
		B8CA416A2B770A7300ED8E6B /* WeightEntry.swift */ = {isa = PBXFileReference; lastKnownFileType = sourcecode.swift; path = WeightEntry.swift; sourceTree = "<group>"; };
		B8CA416C2B77117F00ED8E6B /* LoginView.swift */ = {isa = PBXFileReference; lastKnownFileType = sourcecode.swift; path = LoginView.swift; sourceTree = "<group>"; };
		B8CA416E2B77180100ED8E6B /* AccountCreationView.swift */ = {isa = PBXFileReference; lastKnownFileType = sourcecode.swift; path = AccountCreationView.swift; sourceTree = "<group>"; };
		B8CA41702B771F3A00ED8E6B /* SettingsView.swift */ = {isa = PBXFileReference; lastKnownFileType = sourcecode.swift; path = SettingsView.swift; sourceTree = "<group>"; };
		B8CA41722B77513300ED8E6B /* LogWorkoutView.swift */ = {isa = PBXFileReference; lastKnownFileType = sourcecode.swift; path = LogWorkoutView.swift; sourceTree = "<group>"; };
		B8CA41742B7C545A00ED8E6B /* UserAuthViewModel.swift */ = {isa = PBXFileReference; lastKnownFileType = sourcecode.swift; path = UserAuthViewModel.swift; sourceTree = "<group>"; };
		B8CA41762B7C552C00ED8E6B /* UserProfileViewModel.swift */ = {isa = PBXFileReference; lastKnownFileType = sourcecode.swift; path = UserProfileViewModel.swift; sourceTree = "<group>"; };
		B8CA41782B7C556100ED8E6B /* WeightTrackingViewModel.swift */ = {isa = PBXFileReference; lastKnownFileType = sourcecode.swift; path = WeightTrackingViewModel.swift; sourceTree = "<group>"; };
		B8CA417A2B7C55B700ED8E6B /* SettingsViewModel.swift */ = {isa = PBXFileReference; lastKnownFileType = sourcecode.swift; path = SettingsViewModel.swift; sourceTree = "<group>"; };
/* End PBXFileReference section */

/* Begin PBXFrameworksBuildPhase section */
		B84031E82B75440100885C13 /* Frameworks */ = {
			isa = PBXFrameworksBuildPhase;
			buildActionMask = 2147483647;
			files = (
			);
			runOnlyForDeploymentPostprocessing = 0;
		};
/* End PBXFrameworksBuildPhase section */

/* Begin PBXGroup section */
		B84031E22B75440100885C13 = {
			isa = PBXGroup;
			children = (
				B84031ED2B75440100885C13 /* fitr */,
				B84031EC2B75440100885C13 /* Products */,
			);
			sourceTree = "<group>";
		};
		B84031EC2B75440100885C13 /* Products */ = {
			isa = PBXGroup;
			children = (
				B84031EB2B75440100885C13 /* fitr.app */,
			);
			name = Products;
			sourceTree = "<group>";
		};
		B84031ED2B75440100885C13 /* fitr */ = {
			isa = PBXGroup;
			children = (
				B8CA41692B7709D000ED8E6B /* Models */,
				B840320E2B77012B00885C13 /* Views */,
				B84031EE2B75440100885C13 /* fitrApp.swift */,
				B84031F22B75440200885C13 /* Assets.xcassets */,
				B84031F42B75440200885C13 /* Preview Content */,
			);
			path = fitr;
			sourceTree = "<group>";
		};
		B84031F42B75440200885C13 /* Preview Content */ = {
			isa = PBXGroup;
			children = (
				B84031F52B75440200885C13 /* Preview Assets.xcassets */,
			);
			path = "Preview Content";
			sourceTree = "<group>";
		};
		B840320E2B77012B00885C13 /* Views */ = {
			isa = PBXGroup;
			children = (
				B840320C2B77011600885C13 /* ProfileView.swift */,
				B840320A2B77010900885C13 /* ProgressView.swift */,
				B84032062B76FFED00885C13 /* FitrTabView.swift */,
				B84032082B7700F000885C13 /* TrainingView.swift */,
				B84031FC2B75498800885C13 /* WeightTrackerView.swift */,
				B84032042B76837A00885C13 /* WeightChartView.swift */,
				B84031F02B75440100885C13 /* WeightLogView.swift */,
				B8CA416C2B77117F00ED8E6B /* LoginView.swift */,
				B8CA416E2B77180100ED8E6B /* AccountCreationView.swift */,
				B8CA41702B771F3A00ED8E6B /* SettingsView.swift */,
				B8CA41722B77513300ED8E6B /* LogWorkoutView.swift */,
			);
			path = Views;
			sourceTree = "<group>";
		};
		B8CA41692B7709D000ED8E6B /* Models */ = {
			isa = PBXGroup;
			children = (
				B840320F2B77028B00885C13 /* Profile.swift */,
				B84032112B7702B500885C13 /* MockData.swift */,
				B8CA416A2B770A7300ED8E6B /* WeightEntry.swift */,
				B8CA41742B7C545A00ED8E6B /* UserAuthViewModel.swift */,
				B8CA41762B7C552C00ED8E6B /* UserProfileViewModel.swift */,
				B8CA41782B7C556100ED8E6B /* WeightTrackingViewModel.swift */,
				B8CA417A2B7C55B700ED8E6B /* SettingsViewModel.swift */,
			);
			path = Models;
			sourceTree = "<group>";
		};
/* End PBXGroup section */

/* Begin PBXNativeTarget section */
		B84031EA2B75440100885C13 /* fitr */ = {
			isa = PBXNativeTarget;
			buildConfigurationList = B84031F92B75440200885C13 /* Build configuration list for PBXNativeTarget "fitr" */;
			buildPhases = (
				B84031E72B75440100885C13 /* Sources */,
				B84031E82B75440100885C13 /* Frameworks */,
				B84031E92B75440100885C13 /* Resources */,
			);
			buildRules = (
			);
			dependencies = (
			);
			name = fitr;
			productName = fitr;
			productReference = B84031EB2B75440100885C13 /* fitr.app */;
			productType = "com.apple.product-type.application";
		};
/* End PBXNativeTarget section */

/* Begin PBXProject section */
		B84031E32B75440100885C13 /* Project object */ = {
			isa = PBXProject;
			attributes = {
				BuildIndependentTargetsInParallel = 1;
				LastSwiftUpdateCheck = 1520;
				LastUpgradeCheck = 1520;
				TargetAttributes = {
					B84031EA2B75440100885C13 = {
						CreatedOnToolsVersion = 15.2;
					};
				};
			};
			buildConfigurationList = B84031E62B75440100885C13 /* Build configuration list for PBXProject "fitr" */;
			compatibilityVersion = "Xcode 14.0";
			developmentRegion = en;
			hasScannedForEncodings = 0;
			knownRegions = (
				en,
				Base,
			);
			mainGroup = B84031E22B75440100885C13;
			productRefGroup = B84031EC2B75440100885C13 /* Products */;
			projectDirPath = "";
			projectRoot = "";
			targets = (
				B84031EA2B75440100885C13 /* fitr */,
			);
		};
/* End PBXProject section */

/* Begin PBXResourcesBuildPhase section */
		B84031E92B75440100885C13 /* Resources */ = {
			isa = PBXResourcesBuildPhase;
			buildActionMask = 2147483647;
			files = (
				B84031F62B75440200885C13 /* Preview Assets.xcassets in Resources */,
				B84031F32B75440200885C13 /* Assets.xcassets in Resources */,
			);
			runOnlyForDeploymentPostprocessing = 0;
		};
/* End PBXResourcesBuildPhase section */

/* Begin PBXSourcesBuildPhase section */
		B84031E72B75440100885C13 /* Sources */ = {
			isa = PBXSourcesBuildPhase;
			buildActionMask = 2147483647;
			files = (
				B8CA41712B771F3A00ED8E6B /* SettingsView.swift in Sources */,
				B84032052B76837A00885C13 /* WeightChartView.swift in Sources */,
				B84032102B77028B00885C13 /* Profile.swift in Sources */,
				B840320D2B77011600885C13 /* ProfileView.swift in Sources */,
				B8CA416F2B77180100ED8E6B /* AccountCreationView.swift in Sources */,
				B84031F12B75440100885C13 /* WeightLogView.swift in Sources */,
				B8CA41792B7C556100ED8E6B /* WeightTrackingViewModel.swift in Sources */,
				B84031EF2B75440100885C13 /* fitrApp.swift in Sources */,
				B8CA41732B77513300ED8E6B /* LogWorkoutView.swift in Sources */,
				B84031FD2B75498800885C13 /* WeightTrackerView.swift in Sources */,
				B840320B2B77010900885C13 /* ProgressView.swift in Sources */,
				B84032092B7700F000885C13 /* TrainingView.swift in Sources */,
				B84032122B7702B500885C13 /* MockData.swift in Sources */,
				B8CA41752B7C545A00ED8E6B /* UserAuthViewModel.swift in Sources */,
				B8CA417B2B7C55B700ED8E6B /* SettingsViewModel.swift in Sources */,
				B8CA416D2B77117F00ED8E6B /* LoginView.swift in Sources */,
				B8CA416B2B770A7300ED8E6B /* WeightEntry.swift in Sources */,
				B84032072B76FFED00885C13 /* FitrTabView.swift in Sources */,
				B8CA41772B7C552C00ED8E6B /* UserProfileViewModel.swift in Sources */,
			);
			runOnlyForDeploymentPostprocessing = 0;
		};
/* End PBXSourcesBuildPhase section */

/* Begin XCBuildConfiguration section */
		B84031F72B75440200885C13 /* Debug */ = {
			isa = XCBuildConfiguration;
			buildSettings = {
				ALWAYS_SEARCH_USER_PATHS = NO;
				ASSETCATALOG_COMPILER_GENERATE_SWIFT_ASSET_SYMBOL_EXTENSIONS = YES;
				CLANG_ANALYZER_NONNULL = YES;
				CLANG_ANALYZER_NUMBER_OBJECT_CONVERSION = YES_AGGRESSIVE;
				CLANG_CXX_LANGUAGE_STANDARD = "gnu++20";
				CLANG_ENABLE_MODULES = YES;
				CLANG_ENABLE_OBJC_ARC = YES;
				CLANG_ENABLE_OBJC_WEAK = YES;
				CLANG_WARN_BLOCK_CAPTURE_AUTORELEASING = YES;
				CLANG_WARN_BOOL_CONVERSION = YES;
				CLANG_WARN_COMMA = YES;
				CLANG_WARN_CONSTANT_CONVERSION = YES;
				CLANG_WARN_DEPRECATED_OBJC_IMPLEMENTATIONS = YES;
				CLANG_WARN_DIRECT_OBJC_ISA_USAGE = YES_ERROR;
				CLANG_WARN_DOCUMENTATION_COMMENTS = YES;
				CLANG_WARN_EMPTY_BODY = YES;
				CLANG_WARN_ENUM_CONVERSION = YES;
				CLANG_WARN_INFINITE_RECURSION = YES;
				CLANG_WARN_INT_CONVERSION = YES;
				CLANG_WARN_NON_LITERAL_NULL_CONVERSION = YES;
				CLANG_WARN_OBJC_IMPLICIT_RETAIN_SELF = YES;
				CLANG_WARN_OBJC_LITERAL_CONVERSION = YES;
				CLANG_WARN_OBJC_ROOT_CLASS = YES_ERROR;
				CLANG_WARN_QUOTED_INCLUDE_IN_FRAMEWORK_HEADER = YES;
				CLANG_WARN_RANGE_LOOP_ANALYSIS = YES;
				CLANG_WARN_STRICT_PROTOTYPES = YES;
				CLANG_WARN_SUSPICIOUS_MOVE = YES;
				CLANG_WARN_UNGUARDED_AVAILABILITY = YES_AGGRESSIVE;
				CLANG_WARN_UNREACHABLE_CODE = YES;
				CLANG_WARN__DUPLICATE_METHOD_MATCH = YES;
				COPY_PHASE_STRIP = NO;
				DEBUG_INFORMATION_FORMAT = dwarf;
				ENABLE_STRICT_OBJC_MSGSEND = YES;
				ENABLE_TESTABILITY = YES;
				ENABLE_USER_SCRIPT_SANDBOXING = YES;
				GCC_C_LANGUAGE_STANDARD = gnu17;
				GCC_DYNAMIC_NO_PIC = NO;
				GCC_NO_COMMON_BLOCKS = YES;
				GCC_OPTIMIZATION_LEVEL = 0;
				GCC_PREPROCESSOR_DEFINITIONS = (
					"DEBUG=1",
					"$(inherited)",
				);
				GCC_WARN_64_TO_32_BIT_CONVERSION = YES;
				GCC_WARN_ABOUT_RETURN_TYPE = YES_ERROR;
				GCC_WARN_UNDECLARED_SELECTOR = YES;
				GCC_WARN_UNINITIALIZED_AUTOS = YES_AGGRESSIVE;
				GCC_WARN_UNUSED_FUNCTION = YES;
				GCC_WARN_UNUSED_VARIABLE = YES;
				IPHONEOS_DEPLOYMENT_TARGET = 16.3;
				LOCALIZATION_PREFERS_STRING_CATALOGS = YES;
				MTL_ENABLE_DEBUG_INFO = INCLUDE_SOURCE;
				MTL_FAST_MATH = YES;
				ONLY_ACTIVE_ARCH = YES;
				SDKROOT = iphoneos;
				SWIFT_ACTIVE_COMPILATION_CONDITIONS = "DEBUG $(inherited)";
				SWIFT_OPTIMIZATION_LEVEL = "-Onone";
			};
			name = Debug;
		};
		B84031F82B75440200885C13 /* Release */ = {
			isa = XCBuildConfiguration;
			buildSettings = {
				ALWAYS_SEARCH_USER_PATHS = NO;
				ASSETCATALOG_COMPILER_GENERATE_SWIFT_ASSET_SYMBOL_EXTENSIONS = YES;
				CLANG_ANALYZER_NONNULL = YES;
				CLANG_ANALYZER_NUMBER_OBJECT_CONVERSION = YES_AGGRESSIVE;
				CLANG_CXX_LANGUAGE_STANDARD = "gnu++20";
				CLANG_ENABLE_MODULES = YES;
				CLANG_ENABLE_OBJC_ARC = YES;
				CLANG_ENABLE_OBJC_WEAK = YES;
				CLANG_WARN_BLOCK_CAPTURE_AUTORELEASING = YES;
				CLANG_WARN_BOOL_CONVERSION = YES;
				CLANG_WARN_COMMA = YES;
				CLANG_WARN_CONSTANT_CONVERSION = YES;
				CLANG_WARN_DEPRECATED_OBJC_IMPLEMENTATIONS = YES;
				CLANG_WARN_DIRECT_OBJC_ISA_USAGE = YES_ERROR;
				CLANG_WARN_DOCUMENTATION_COMMENTS = YES;
				CLANG_WARN_EMPTY_BODY = YES;
				CLANG_WARN_ENUM_CONVERSION = YES;
				CLANG_WARN_INFINITE_RECURSION = YES;
				CLANG_WARN_INT_CONVERSION = YES;
				CLANG_WARN_NON_LITERAL_NULL_CONVERSION = YES;
				CLANG_WARN_OBJC_IMPLICIT_RETAIN_SELF = YES;
				CLANG_WARN_OBJC_LITERAL_CONVERSION = YES;
				CLANG_WARN_OBJC_ROOT_CLASS = YES_ERROR;
				CLANG_WARN_QUOTED_INCLUDE_IN_FRAMEWORK_HEADER = YES;
				CLANG_WARN_RANGE_LOOP_ANALYSIS = YES;
				CLANG_WARN_STRICT_PROTOTYPES = YES;
				CLANG_WARN_SUSPICIOUS_MOVE = YES;
				CLANG_WARN_UNGUARDED_AVAILABILITY = YES_AGGRESSIVE;
				CLANG_WARN_UNREACHABLE_CODE = YES;
				CLANG_WARN__DUPLICATE_METHOD_MATCH = YES;
				COPY_PHASE_STRIP = NO;
				DEBUG_INFORMATION_FORMAT = "dwarf-with-dsym";
				ENABLE_NS_ASSERTIONS = NO;
				ENABLE_STRICT_OBJC_MSGSEND = YES;
				ENABLE_USER_SCRIPT_SANDBOXING = YES;
				GCC_C_LANGUAGE_STANDARD = gnu17;
				GCC_NO_COMMON_BLOCKS = YES;
				GCC_WARN_64_TO_32_BIT_CONVERSION = YES;
				GCC_WARN_ABOUT_RETURN_TYPE = YES_ERROR;
				GCC_WARN_UNDECLARED_SELECTOR = YES;
				GCC_WARN_UNINITIALIZED_AUTOS = YES_AGGRESSIVE;
				GCC_WARN_UNUSED_FUNCTION = YES;
				GCC_WARN_UNUSED_VARIABLE = YES;
				IPHONEOS_DEPLOYMENT_TARGET = 16.3;
				LOCALIZATION_PREFERS_STRING_CATALOGS = YES;
				MTL_ENABLE_DEBUG_INFO = NO;
				MTL_FAST_MATH = YES;
				SDKROOT = iphoneos;
				SWIFT_COMPILATION_MODE = wholemodule;
				VALIDATE_PRODUCT = YES;
			};
			name = Release;
		};
		B84031FA2B75440200885C13 /* Debug */ = {
			isa = XCBuildConfiguration;
			buildSettings = {
				ASSETCATALOG_COMPILER_APPICON_NAME = AppIcon;
				ASSETCATALOG_COMPILER_GLOBAL_ACCENT_COLOR_NAME = AccentColor;
				CODE_SIGN_STYLE = Automatic;
				CURRENT_PROJECT_VERSION = 1;
				DEVELOPMENT_ASSET_PATHS = "\"fitr/Preview Content\"";
				DEVELOPMENT_TEAM = 66WW7853TA;
				ENABLE_PREVIEWS = YES;
				GENERATE_INFOPLIST_FILE = YES;
				INFOPLIST_KEY_CFBundleDisplayName = fitr;
				INFOPLIST_KEY_LSApplicationCategoryType = "public.app-category.healthcare-fitness";
				INFOPLIST_KEY_UIApplicationSceneManifest_Generation = YES;
				INFOPLIST_KEY_UIApplicationSupportsIndirectInputEvents = YES;
				INFOPLIST_KEY_UILaunchScreen_Generation = YES;
				INFOPLIST_KEY_UISupportedInterfaceOrientations_iPad = "UIInterfaceOrientationPortrait UIInterfaceOrientationPortraitUpsideDown UIInterfaceOrientationLandscapeLeft UIInterfaceOrientationLandscapeRight";
				INFOPLIST_KEY_UISupportedInterfaceOrientations_iPhone = "UIInterfaceOrientationPortrait UIInterfaceOrientationLandscapeLeft UIInterfaceOrientationLandscapeRight";
				IPHONEOS_DEPLOYMENT_TARGET = 16.3;
				LD_RUNPATH_SEARCH_PATHS = (
					"$(inherited)",
					"@executable_path/Frameworks",
				);
				MARKETING_VERSION = 1.0;
				PRODUCT_BUNDLE_IDENTIFIER = com.shocks.fitr;
				PRODUCT_NAME = "$(TARGET_NAME)";
				SWIFT_EMIT_LOC_STRINGS = YES;
				SWIFT_VERSION = 5.0;
				TARGETED_DEVICE_FAMILY = "1,2";
			};
			name = Debug;
		};
		B84031FB2B75440200885C13 /* Release */ = {
			isa = XCBuildConfiguration;
			buildSettings = {
				ASSETCATALOG_COMPILER_APPICON_NAME = AppIcon;
				ASSETCATALOG_COMPILER_GLOBAL_ACCENT_COLOR_NAME = AccentColor;
				CODE_SIGN_STYLE = Automatic;
				CURRENT_PROJECT_VERSION = 1;
				DEVELOPMENT_ASSET_PATHS = "\"fitr/Preview Content\"";
				DEVELOPMENT_TEAM = 66WW7853TA;
				ENABLE_PREVIEWS = YES;
				GENERATE_INFOPLIST_FILE = YES;
				INFOPLIST_KEY_CFBundleDisplayName = fitr;
				INFOPLIST_KEY_LSApplicationCategoryType = "public.app-category.healthcare-fitness";
				INFOPLIST_KEY_UIApplicationSceneManifest_Generation = YES;
				INFOPLIST_KEY_UIApplicationSupportsIndirectInputEvents = YES;
				INFOPLIST_KEY_UILaunchScreen_Generation = YES;
				INFOPLIST_KEY_UISupportedInterfaceOrientations_iPad = "UIInterfaceOrientationPortrait UIInterfaceOrientationPortraitUpsideDown UIInterfaceOrientationLandscapeLeft UIInterfaceOrientationLandscapeRight";
				INFOPLIST_KEY_UISupportedInterfaceOrientations_iPhone = "UIInterfaceOrientationPortrait UIInterfaceOrientationLandscapeLeft UIInterfaceOrientationLandscapeRight";
				IPHONEOS_DEPLOYMENT_TARGET = 16.3;
				LD_RUNPATH_SEARCH_PATHS = (
					"$(inherited)",
					"@executable_path/Frameworks",
				);
				MARKETING_VERSION = 1.0;
				PRODUCT_BUNDLE_IDENTIFIER = com.shocks.fitr;
				PRODUCT_NAME = "$(TARGET_NAME)";
				SWIFT_EMIT_LOC_STRINGS = YES;
				SWIFT_VERSION = 5.0;
				TARGETED_DEVICE_FAMILY = "1,2";
			};
			name = Release;
		};
/* End XCBuildConfiguration section */

/* Begin XCConfigurationList section */
		B84031E62B75440100885C13 /* Build configuration list for PBXProject "fitr" */ = {
			isa = XCConfigurationList;
			buildConfigurations = (
				B84031F72B75440200885C13 /* Debug */,
				B84031F82B75440200885C13 /* Release */,
			);
			defaultConfigurationIsVisible = 0;
			defaultConfigurationName = Release;
		};
		B84031F92B75440200885C13 /* Build configuration list for PBXNativeTarget "fitr" */ = {
			isa = XCConfigurationList;
			buildConfigurations = (
				B84031FA2B75440200885C13 /* Debug */,
				B84031FB2B75440200885C13 /* Release */,
			);
			defaultConfigurationIsVisible = 0;
			defaultConfigurationName = Release;
		};
/* End XCConfigurationList section */
	};
	rootObject = B84031E32B75440100885C13 /* Project object */;
}
